
Microsoft Visual Studio Solution File, Format Version 12.00
# Visual Studio 14
VisualStudioVersion = 14.0.25420.1
MinimumVisualStudioVersion = 10.0.40219.1
Project("{FAE04EC0-301F-11D3-BF4B-00C04F79EFBC}") = "PosRi.DataAccess", "PosRi.DataAccess\PosRi.DataAccess.csproj", "{F03D99DA-75E4-4134-B42E-ECE6BB223D2E}"
EndProject
Project("{FAE04EC0-301F-11D3-BF4B-00C04F79EFBC}") = "PosRi", "PosRi\PosRi.csproj", "{596A43A3-600E-4921-961E-D9C7616FF486}"
EndProject
Project("{FAE04EC0-301F-11D3-BF4B-00C04F79EFBC}") = "PosRi.BusinessLogic", "PosRi.BusinessLogic\PosRi.BusinessLogic.csproj", "{4CBA3424-10E2-4D9D-9C00-2E18AD4FA733}"
EndProject
Global
	GlobalSection(SolutionConfigurationPlatforms) = preSolution
		Debug|Any CPU = Debug|Any CPU
		Release|Any CPU = Release|Any CPU
	EndGlobalSection
	GlobalSection(ProjectConfigurationPlatforms) = postSolution
		{F03D99DA-75E4-4134-B42E-ECE6BB223D2E}.Debug|Any CPU.ActiveCfg = Debug|Any CPU
		{F03D99DA-75E4-4134-B42E-ECE6BB223D2E}.Debug|Any CPU.Build.0 = Debug|Any CPU
		{F03D99DA-75E4-4134-B42E-ECE6BB223D2E}.Release|Any CPU.ActiveCfg = Release|Any CPU
		{F03D99DA-75E4-4134-B42E-ECE6BB223D2E}.Release|Any CPU.Build.0 = Release|Any CPU
		{596A43A3-600E-4921-961E-D9C7616FF486}.Debug|Any CPU.ActiveCfg = Debug|Any CPU
		{596A43A3-600E-4921-961E-D9C7616FF486}.Debug|Any CPU.Build.0 = Debug|Any CPU
		{596A43A3-600E-4921-961E-D9C7616FF486}.Release|Any CPU.ActiveCfg = Release|Any CPU
		{596A43A3-600E-4921-961E-D9C7616FF486}.Release|Any CPU.Build.0 = Release|Any CPU
		{4CBA3424-10E2-4D9D-9C00-2E18AD4FA733}.Debug|Any CPU.ActiveCfg = Debug|Any CPU
		{4CBA3424-10E2-4D9D-9C00-2E18AD4FA733}.Debug|Any CPU.Build.0 = Debug|Any CPU
		{4CBA3424-10E2-4D9D-9C00-2E18AD4FA733}.Release|Any CPU.ActiveCfg = Release|Any CPU
		{4CBA3424-10E2-4D9D-9C00-2E18AD4FA733}.Release|Any CPU.Build.0 = Release|Any CPU
	EndGlobalSection
	GlobalSection(SolutionProperties) = preSolution
		HideSolutionNode = FALSE
	EndGlobalSection
EndGlobal
